
Microsoft Visual Studio Solution File, Format Version 12.00
# Visual Studio Version 16
VisualStudioVersion = 16.0.29806.167
MinimumVisualStudioVersion = 10.0.40219.1
Project("{888888A0-9F3D-457C-B088-3A5042F75D52}") = "Spider", "Spider\Spider.pyproj", "{044F702E-58DC-4835-A007-4FF0C74DDC2C}"
EndProject
Project("{888888A0-9F3D-457C-B088-3A5042F75D52}") = "HorseRacing", "HorseRacing\HorseRacing.pyproj", "{7568E578-F4A3-4C63-99B4-3A28E4CEDA4F}"
EndProject
Project("{888888A0-9F3D-457C-B088-3A5042F75D52}") = "Template", "Template\Template.pyproj", "{A98F9994-5CEC-4B13-AE2C-46BEAA3B7643}"
EndProject
Project("{888888A0-9F3D-457C-B088-3A5042F75D52}") = "WorkTool", "WorkTool\WorkTool.pyproj", "{907781FE-293D-43EE-8E2A-A9014F4F3FC7}"
EndProject
Project("{888888A0-9F3D-457C-B088-3A5042F75D52}") = "AlienInvasion", "AlienInvasion\AlienInvasion.pyproj", "{6729B1BB-4875-4E42-A544-521A17EB334C}"
EndProject
Project("{888888A0-9F3D-457C-B088-3A5042F75D52}") = "MatplotlibTest", "MatplotlibTest\MatplotlibTest.pyproj", "{BDD39AAB-71FE-49C3-BC17-68227B2E3C64}"
EndProject
Global
	GlobalSection(SolutionConfigurationPlatforms) = preSolution
		Debug|Any CPU = Debug|Any CPU
		Release|Any CPU = Release|Any CPU
	EndGlobalSection
	GlobalSection(ProjectConfigurationPlatforms) = postSolution
		{044F702E-58DC-4835-A007-4FF0C74DDC2C}.Debug|Any CPU.ActiveCfg = Debug|Any CPU
		{044F702E-58DC-4835-A007-4FF0C74DDC2C}.Release|Any CPU.ActiveCfg = Release|Any CPU
		{7568E578-F4A3-4C63-99B4-3A28E4CEDA4F}.Debug|Any CPU.ActiveCfg = Debug|Any CPU
		{7568E578-F4A3-4C63-99B4-3A28E4CEDA4F}.Release|Any CPU.ActiveCfg = Release|Any CPU
		{A98F9994-5CEC-4B13-AE2C-46BEAA3B7643}.Debug|Any CPU.ActiveCfg = Debug|Any CPU
		{A98F9994-5CEC-4B13-AE2C-46BEAA3B7643}.Release|Any CPU.ActiveCfg = Release|Any CPU
		{907781FE-293D-43EE-8E2A-A9014F4F3FC7}.Debug|Any CPU.ActiveCfg = Debug|Any CPU
		{907781FE-293D-43EE-8E2A-A9014F4F3FC7}.Release|Any CPU.ActiveCfg = Release|Any CPU
		{6729B1BB-4875-4E42-A544-521A17EB334C}.Debug|Any CPU.ActiveCfg = Debug|Any CPU
		{6729B1BB-4875-4E42-A544-521A17EB334C}.Release|Any CPU.ActiveCfg = Release|Any CPU
		{BDD39AAB-71FE-49C3-BC17-68227B2E3C64}.Debug|Any CPU.ActiveCfg = Debug|Any CPU
		{BDD39AAB-71FE-49C3-BC17-68227B2E3C64}.Release|Any CPU.ActiveCfg = Release|Any CPU
	EndGlobalSection
	GlobalSection(SolutionProperties) = preSolution
		HideSolutionNode = FALSE
	EndGlobalSection
	GlobalSection(ExtensibilityGlobals) = postSolution
		SolutionGuid = {FB9F36CB-3ADE-44D2-870D-BABA1224ED4A}
	EndGlobalSection
EndGlobal
